
Microsoft Visual Studio Solution File, Format Version 12.00
# Visual Studio Version 16
VisualStudioVersion = 16.0.29905.134
MinimumVisualStudioVersion = 10.0.40219.1
Project("{9A19103F-16F7-4668-BE54-9A1E7A4F7556}") = "MQConsume", "MQConsume\MQConsume.csproj", "{6BBD811F-E13F-4834-B1BC-56194710C785}"
EndProject
Project("{9A19103F-16F7-4668-BE54-9A1E7A4F7556}") = "MQPoducer", "MQPoducer\MQPoducer.csproj", "{571B07B7-5722-4A31-82B9-AE51B11915AE}"
EndProject
Project("{9A19103F-16F7-4668-BE54-9A1E7A4F7556}") = "MQTransaction.Common", "MQTransaction.Common\MQTransaction.Common.csproj", "{2B3E7756-EBD4-4D30-B650-C321E3BC87E2}"
EndProject
Global
	GlobalSection(SolutionConfigurationPlatforms) = preSolution
		Debug|Any CPU = Debug|Any CPU
		Release|Any CPU = Release|Any CPU
	EndGlobalSection
	GlobalSection(ProjectConfigurationPlatforms) = postSolution
		{6BBD811F-E13F-4834-B1BC-56194710C785}.Debug|Any CPU.ActiveCfg = Debug|Any CPU
		{6BBD811F-E13F-4834-B1BC-56194710C785}.Debug|Any CPU.Build.0 = Debug|Any CPU
		{6BBD811F-E13F-4834-B1BC-56194710C785}.Release|Any CPU.ActiveCfg = Release|Any CPU
		{6BBD811F-E13F-4834-B1BC-56194710C785}.Release|Any CPU.Build.0 = Release|Any CPU
		{571B07B7-5722-4A31-82B9-AE51B11915AE}.Debug|Any CPU.ActiveCfg = Debug|Any CPU
		{571B07B7-5722-4A31-82B9-AE51B11915AE}.Debug|Any CPU.Build.0 = Debug|Any CPU
		{571B07B7-5722-4A31-82B9-AE51B11915AE}.Release|Any CPU.ActiveCfg = Release|Any CPU
		{571B07B7-5722-4A31-82B9-AE51B11915AE}.Release|Any CPU.Build.0 = Release|Any CPU
		{2B3E7756-EBD4-4D30-B650-C321E3BC87E2}.Debug|Any CPU.ActiveCfg = Debug|Any CPU
		{2B3E7756-EBD4-4D30-B650-C321E3BC87E2}.Debug|Any CPU.Build.0 = Debug|Any CPU
		{2B3E7756-EBD4-4D30-B650-C321E3BC87E2}.Release|Any CPU.ActiveCfg = Release|Any CPU
		{2B3E7756-EBD4-4D30-B650-C321E3BC87E2}.Release|Any CPU.Build.0 = Release|Any CPU
	EndGlobalSection
	GlobalSection(SolutionProperties) = preSolution
		HideSolutionNode = FALSE
	EndGlobalSection
	GlobalSection(ExtensibilityGlobals) = postSolution
		SolutionGuid = {1749A9AF-1021-4B00-AEBD-CE3A980A3130}
	EndGlobalSection
EndGlobal
